
Microsoft Visual Studio Solution File, Format Version 12.00
# Visual Studio Version 17
VisualStudioVersion = 17.3.32811.315
MinimumVisualStudioVersion = 10.0.40219.1
Project("{FAE04EC0-301F-11D3-BF4B-00C04F79EFBC}") = "LibraryAPI", "LibraryAPI\LibraryAPI.csproj", "{D1D8E961-07F9-42CC-A719-8051EBDEB46B}"
EndProject
Project("{FAE04EC0-301F-11D3-BF4B-00C04F79EFBC}") = "Core", "Core\Core.csproj", "{E18000A0-0586-4687-8353-C3A29B01CB1F}"
EndProject
Project("{FAE04EC0-301F-11D3-BF4B-00C04F79EFBC}") = "Persistence", "Persistance\Persistence.csproj", "{22D1C707-C0CF-4A82-8721-AEB6DB5664E6}"
	ProjectSection(ProjectDependencies) = postProject
		{E18000A0-0586-4687-8353-C3A29B01CB1F} = {E18000A0-0586-4687-8353-C3A29B01CB1F}
	EndProjectSection
EndProject
Global
	GlobalSection(SolutionConfigurationPlatforms) = preSolution
		Debug|Any CPU = Debug|Any CPU
		Release|Any CPU = Release|Any CPU
	EndGlobalSection
	GlobalSection(ProjectConfigurationPlatforms) = postSolution
		{D1D8E961-07F9-42CC-A719-8051EBDEB46B}.Debug|Any CPU.ActiveCfg = Debug|Any CPU
		{D1D8E961-07F9-42CC-A719-8051EBDEB46B}.Debug|Any CPU.Build.0 = Debug|Any CPU
		{D1D8E961-07F9-42CC-A719-8051EBDEB46B}.Release|Any CPU.ActiveCfg = Release|Any CPU
		{D1D8E961-07F9-42CC-A719-8051EBDEB46B}.Release|Any CPU.Build.0 = Release|Any CPU
		{E18000A0-0586-4687-8353-C3A29B01CB1F}.Debug|Any CPU.ActiveCfg = Debug|Any CPU
		{E18000A0-0586-4687-8353-C3A29B01CB1F}.Debug|Any CPU.Build.0 = Debug|Any CPU
		{E18000A0-0586-4687-8353-C3A29B01CB1F}.Release|Any CPU.ActiveCfg = Release|Any CPU
		{E18000A0-0586-4687-8353-C3A29B01CB1F}.Release|Any CPU.Build.0 = Release|Any CPU
		{22D1C707-C0CF-4A82-8721-AEB6DB5664E6}.Debug|Any CPU.ActiveCfg = Debug|Any CPU
		{22D1C707-C0CF-4A82-8721-AEB6DB5664E6}.Debug|Any CPU.Build.0 = Debug|Any CPU
		{22D1C707-C0CF-4A82-8721-AEB6DB5664E6}.Release|Any CPU.ActiveCfg = Release|Any CPU
		{22D1C707-C0CF-4A82-8721-AEB6DB5664E6}.Release|Any CPU.Build.0 = Release|Any CPU
	EndGlobalSection
	GlobalSection(SolutionProperties) = preSolution
		HideSolutionNode = FALSE
	EndGlobalSection
	GlobalSection(ExtensibilityGlobals) = postSolution
		SolutionGuid = {E36CA00A-AC86-4D63-97B7-2792BAC1430B}
	EndGlobalSection
EndGlobal
